// !$*UTF8*$!
{
	archiveVersion = 1;
	classes = {
	};
	objectVersion = 50;
	objects = {

/* Begin PBXBuildFile section */
		D1B7C734231E76D6003A3BDA /* AppDelegate.m in Sources */ = {isa = PBXBuildFile; fileRef = D1B7C733231E76D6003A3BDA /* AppDelegate.m */; };
		D1B7C737231E76D6003A3BDA /* ViewController.m in Sources */ = {isa = PBXBuildFile; fileRef = D1B7C736231E76D6003A3BDA /* ViewController.m */; };
		D1B7C73A231E76D6003A3BDA /* Main.storyboard in Resources */ = {isa = PBXBuildFile; fileRef = D1B7C738231E76D6003A3BDA /* Main.storyboard */; };
		D1B7C73C231E76D6003A3BDA /* Assets.xcassets in Resources */ = {isa = PBXBuildFile; fileRef = D1B7C73B231E76D6003A3BDA /* Assets.xcassets */; };
		D1B7C73F231E76D6003A3BDA /* LaunchScreen.storyboard in Resources */ = {isa = PBXBuildFile; fileRef = D1B7C73D231E76D6003A3BDA /* LaunchScreen.storyboard */; };
		D1B7C742231E76D6003A3BDA /* main.m in Sources */ = {isa = PBXBuildFile; fileRef = D1B7C741231E76D6003A3BDA /* main.m */; };
		D1B7C74C231E76D6003A3BDA /* domainPathDemoTests.m in Sources */ = {isa = PBXBuildFile; fileRef = D1B7C74B231E76D6003A3BDA /* domainPathDemoTests.m */; };
		D1B7C757231E76D6003A3BDA /* domainPathDemoUITests.m in Sources */ = {isa = PBXBuildFile; fileRef = D1B7C756231E76D6003A3BDA /* domainPathDemoUITests.m */; };
		D1B7C767231E76FF003A3BDA /* EDZImagePathTool.m in Sources */ = {isa = PBXBuildFile; fileRef = D1B7C766231E76FF003A3BDA /* EDZImagePathTool.m */; };
		D1B7C76A231E771E003A3BDA /* YBImagePath.m in Sources */ = {isa = PBXBuildFile; fileRef = D1B7C769231E771E003A3BDA /* YBImagePath.m */; };
		D1B7C76E231E820D003A3BDA /* YBDomainPathTool.m in Sources */ = {isa = PBXBuildFile; fileRef = D1B7C76D231E820D003A3BDA /* YBDomainPathTool.m */; };
/* End PBXBuildFile section */

/* Begin PBXContainerItemProxy section */
		D1B7C748231E76D6003A3BDA /* PBXContainerItemProxy */ = {
			isa = PBXContainerItemProxy;
			containerPortal = D1B7C727231E76D6003A3BDA /* Project object */;
			proxyType = 1;
			remoteGlobalIDString = D1B7C72E231E76D6003A3BDA;
			remoteInfo = domainPathDemo;
		};
		D1B7C753231E76D6003A3BDA /* PBXContainerItemProxy */ = {
			isa = PBXContainerItemProxy;
			containerPortal = D1B7C727231E76D6003A3BDA /* Project object */;
			proxyType = 1;
			remoteGlobalIDString = D1B7C72E231E76D6003A3BDA;
			remoteInfo = domainPathDemo;
		};
/* End PBXContainerItemProxy section */

/* Begin PBXFileReference section */
		D1B7C72F231E76D6003A3BDA /* domainPathDemo.app */ = {isa = PBXFileReference; explicitFileType = wrapper.application; includeInIndex = 0; path = domainPathDemo.app; sourceTree = BUILT_PRODUCTS_DIR; };
		D1B7C732231E76D6003A3BDA /* AppDelegate.h */ = {isa = PBXFileReference; lastKnownFileType = sourcecode.c.h; path = AppDelegate.h; sourceTree = "<group>"; };
		D1B7C733231E76D6003A3BDA /* AppDelegate.m */ = {isa = PBXFileReference; lastKnownFileType = sourcecode.c.objc; path = AppDelegate.m; sourceTree = "<group>"; };
		D1B7C735231E76D6003A3BDA /* ViewController.h */ = {isa = PBXFileReference; lastKnownFileType = sourcecode.c.h; path = ViewController.h; sourceTree = "<group>"; };
		D1B7C736231E76D6003A3BDA /* ViewController.m */ = {isa = PBXFileReference; lastKnownFileType = sourcecode.c.objc; path = ViewController.m; sourceTree = "<group>"; };
		D1B7C739231E76D6003A3BDA /* Base */ = {isa = PBXFileReference; lastKnownFileType = file.storyboard; name = Base; path = Base.lproj/Main.storyboard; sourceTree = "<group>"; };
		D1B7C73B231E76D6003A3BDA /* Assets.xcassets */ = {isa = PBXFileReference; lastKnownFileType = folder.assetcatalog; path = Assets.xcassets; sourceTree = "<group>"; };
		D1B7C73E231E76D6003A3BDA /* Base */ = {isa = PBXFileReference; lastKnownFileType = file.storyboard; name = Base; path = Base.lproj/LaunchScreen.storyboard; sourceTree = "<group>"; };
		D1B7C740231E76D6003A3BDA /* Info.plist */ = {isa = PBXFileReference; lastKnownFileType = text.plist.xml; path = Info.plist; sourceTree = "<group>"; };
		D1B7C741231E76D6003A3BDA /* main.m */ = {isa = PBXFileReference; lastKnownFileType = sourcecode.c.objc; path = main.m; sourceTree = "<group>"; };
		D1B7C747231E76D6003A3BDA /* domainPathDemoTests.xctest */ = {isa = PBXFileReference; explicitFileType = wrapper.cfbundle; includeInIndex = 0; path = domainPathDemoTests.xctest; sourceTree = BUILT_PRODUCTS_DIR; };
		D1B7C74B231E76D6003A3BDA /* domainPathDemoTests.m */ = {isa = PBXFileReference; lastKnownFileType = sourcecode.c.objc; path = domainPathDemoTests.m; sourceTree = "<group>"; };
		D1B7C74D231E76D6003A3BDA /* Info.plist */ = {isa = PBXFileReference; lastKnownFileType = text.plist.xml; path = Info.plist; sourceTree = "<group>"; };
		D1B7C752231E76D6003A3BDA /* domainPathDemoUITests.xctest */ = {isa = PBXFileReference; explicitFileType = wrapper.cfbundle; includeInIndex = 0; path = domainPathDemoUITests.xctest; sourceTree = BUILT_PRODUCTS_DIR; };
		D1B7C756231E76D6003A3BDA /* domainPathDemoUITests.m */ = {isa = PBXFileReference; lastKnownFileType = sourcecode.c.objc; path = domainPathDemoUITests.m; sourceTree = "<group>"; };
		D1B7C758231E76D6003A3BDA /* Info.plist */ = {isa = PBXFileReference; lastKnownFileType = text.plist.xml; path = Info.plist; sourceTree = "<group>"; };
		D1B7C765231E76FF003A3BDA /* EDZImagePathTool.h */ = {isa = PBXFileReference; fileEncoding = 4; lastKnownFileType = sourcecode.c.h; path = EDZImagePathTool.h; sourceTree = "<group>"; };
		D1B7C766231E76FF003A3BDA /* EDZImagePathTool.m */ = {isa = PBXFileReference; fileEncoding = 4; lastKnownFileType = sourcecode.c.objc; path = EDZImagePathTool.m; sourceTree = "<group>"; };
		D1B7C768231E771E003A3BDA /* YBImagePath.h */ = {isa = PBXFileReference; lastKnownFileType = sourcecode.c.h; path = YBImagePath.h; sourceTree = "<group>"; };
		D1B7C769231E771E003A3BDA /* YBImagePath.m */ = {isa = PBXFileReference; lastKnownFileType = sourcecode.c.objc; path = YBImagePath.m; sourceTree = "<group>"; };
		D1B7C76C231E820D003A3BDA /* YBDomainPathTool.h */ = {isa = PBXFileReference; lastKnownFileType = sourcecode.c.h; path = YBDomainPathTool.h; sourceTree = "<group>"; };
		D1B7C76D231E820D003A3BDA /* YBDomainPathTool.m */ = {isa = PBXFileReference; lastKnownFileType = sourcecode.c.objc; path = YBDomainPathTool.m; sourceTree = "<group>"; };
/* End PBXFileReference section */

/* Begin PBXFrameworksBuildPhase section */
		D1B7C72C231E76D6003A3BDA /* Frameworks */ = {
			isa = PBXFrameworksBuildPhase;
			buildActionMask = 2147483647;
			files = (
			);
			runOnlyForDeploymentPostprocessing = 0;
		};
		D1B7C744231E76D6003A3BDA /* Frameworks */ = {
			isa = PBXFrameworksBuildPhase;
			buildActionMask = 2147483647;
			files = (
			);
			runOnlyForDeploymentPostprocessing = 0;
		};
		D1B7C74F231E76D6003A3BDA /* Frameworks */ = {
			isa = PBXFrameworksBuildPhase;
			buildActionMask = 2147483647;
			files = (
			);
			runOnlyForDeploymentPostprocessing = 0;
		};
/* End PBXFrameworksBuildPhase section */

/* Begin PBXGroup section */
		D1B7C726231E76D6003A3BDA = {
			isa = PBXGroup;
			children = (
				D1B7C731231E76D6003A3BDA /* domainPathDemo */,
				D1B7C74A231E76D6003A3BDA /* domainPathDemoTests */,
				D1B7C755231E76D6003A3BDA /* domainPathDemoUITests */,
				D1B7C730231E76D6003A3BDA /* Products */,
			);
			sourceTree = "<group>";
		};
		D1B7C730231E76D6003A3BDA /* Products */ = {
			isa = PBXGroup;
			children = (
				D1B7C72F231E76D6003A3BDA /* domainPathDemo.app */,
				D1B7C747231E76D6003A3BDA /* domainPathDemoTests.xctest */,
				D1B7C752231E76D6003A3BDA /* domainPathDemoUITests.xctest */,
			);
			name = Products;
			sourceTree = "<group>";
		};
		D1B7C731231E76D6003A3BDA /* domainPathDemo */ = {
			isa = PBXGroup;
			children = (
				D1B7C76B231E81E7003A3BDA /* YBDomainPathTool */,
				D1B7C764231E76FF003A3BDA /* EDZImagePathTool */,
				D1B7C732231E76D6003A3BDA /* AppDelegate.h */,
				D1B7C733231E76D6003A3BDA /* AppDelegate.m */,
				D1B7C735231E76D6003A3BDA /* ViewController.h */,
				D1B7C736231E76D6003A3BDA /* ViewController.m */,
				D1B7C768231E771E003A3BDA /* YBImagePath.h */,
				D1B7C769231E771E003A3BDA /* YBImagePath.m */,
				D1B7C738231E76D6003A3BDA /* Main.storyboard */,
				D1B7C73B231E76D6003A3BDA /* Assets.xcassets */,
				D1B7C73D231E76D6003A3BDA /* LaunchScreen.storyboard */,
				D1B7C740231E76D6003A3BDA /* Info.plist */,
				D1B7C741231E76D6003A3BDA /* main.m */,
			);
			path = domainPathDemo;
			sourceTree = "<group>";
		};
		D1B7C74A231E76D6003A3BDA /* domainPathDemoTests */ = {
			isa = PBXGroup;
			children = (
				D1B7C74B231E76D6003A3BDA /* domainPathDemoTests.m */,
				D1B7C74D231E76D6003A3BDA /* Info.plist */,
			);
			path = domainPathDemoTests;
			sourceTree = "<group>";
		};
		D1B7C755231E76D6003A3BDA /* domainPathDemoUITests */ = {
			isa = PBXGroup;
			children = (
				D1B7C756231E76D6003A3BDA /* domainPathDemoUITests.m */,
				D1B7C758231E76D6003A3BDA /* Info.plist */,
			);
			path = domainPathDemoUITests;
			sourceTree = "<group>";
		};
		D1B7C764231E76FF003A3BDA /* EDZImagePathTool */ = {
			isa = PBXGroup;
			children = (
				D1B7C765231E76FF003A3BDA /* EDZImagePathTool.h */,
				D1B7C766231E76FF003A3BDA /* EDZImagePathTool.m */,
			);
			path = EDZImagePathTool;
			sourceTree = "<group>";
		};
		D1B7C76B231E81E7003A3BDA /* YBDomainPathTool */ = {
			isa = PBXGroup;
			children = (
				D1B7C76C231E820D003A3BDA /* YBDomainPathTool.h */,
				D1B7C76D231E820D003A3BDA /* YBDomainPathTool.m */,
			);
			path = YBDomainPathTool;
			sourceTree = "<group>";
		};
/* End PBXGroup section */

/* Begin PBXNativeTarget section */
		D1B7C72E231E76D6003A3BDA /* domainPathDemo */ = {
			isa = PBXNativeTarget;
			buildConfigurationList = D1B7C75B231E76D6003A3BDA /* Build configuration list for PBXNativeTarget "domainPathDemo" */;
			buildPhases = (
				D1B7C72B231E76D6003A3BDA /* Sources */,
				D1B7C72C231E76D6003A3BDA /* Frameworks */,
				D1B7C72D231E76D6003A3BDA /* Resources */,
			);
			buildRules = (
			);
			dependencies = (
			);
			name = domainPathDemo;
			productName = domainPathDemo;
			productReference = D1B7C72F231E76D6003A3BDA /* domainPathDemo.app */;
			productType = "com.apple.product-type.application";
		};
		D1B7C746231E76D6003A3BDA /* domainPathDemoTests */ = {
			isa = PBXNativeTarget;
			buildConfigurationList = D1B7C75E231E76D6003A3BDA /* Build configuration list for PBXNativeTarget "domainPathDemoTests" */;
			buildPhases = (
				D1B7C743231E76D6003A3BDA /* Sources */,
				D1B7C744231E76D6003A3BDA /* Frameworks */,
				D1B7C745231E76D6003A3BDA /* Resources */,
			);
			buildRules = (
			);
			dependencies = (
				D1B7C749231E76D6003A3BDA /* PBXTargetDependency */,
			);
			name = domainPathDemoTests;
			productName = domainPathDemoTests;
			productReference = D1B7C747231E76D6003A3BDA /* domainPathDemoTests.xctest */;
			productType = "com.apple.product-type.bundle.unit-test";
		};
		D1B7C751231E76D6003A3BDA /* domainPathDemoUITests */ = {
			isa = PBXNativeTarget;
			buildConfigurationList = D1B7C761231E76D6003A3BDA /* Build configuration list for PBXNativeTarget "domainPathDemoUITests" */;
			buildPhases = (
				D1B7C74E231E76D6003A3BDA /* Sources */,
				D1B7C74F231E76D6003A3BDA /* Frameworks */,
				D1B7C750231E76D6003A3BDA /* Resources */,
			);
			buildRules = (
			);
			dependencies = (
				D1B7C754231E76D6003A3BDA /* PBXTargetDependency */,
			);
			name = domainPathDemoUITests;
			productName = domainPathDemoUITests;
			productReference = D1B7C752231E76D6003A3BDA /* domainPathDemoUITests.xctest */;
			productType = "com.apple.product-type.bundle.ui-testing";
		};
/* End PBXNativeTarget section */

/* Begin PBXProject section */
		D1B7C727231E76D6003A3BDA /* Project object */ = {
			isa = PBXProject;
			attributes = {
				LastUpgradeCheck = 1010;
				ORGANIZATIONNAME = "王颖博";
				TargetAttributes = {
					D1B7C72E231E76D6003A3BDA = {
						CreatedOnToolsVersion = 10.1;
					};
					D1B7C746231E76D6003A3BDA = {
						CreatedOnToolsVersion = 10.1;
						TestTargetID = D1B7C72E231E76D6003A3BDA;
					};
					D1B7C751231E76D6003A3BDA = {
						CreatedOnToolsVersion = 10.1;
						TestTargetID = D1B7C72E231E76D6003A3BDA;
					};
				};
			};
			buildConfigurationList = D1B7C72A231E76D6003A3BDA /* Build configuration list for PBXProject "domainPathDemo" */;
			compatibilityVersion = "Xcode 9.3";
			developmentRegion = en;
			hasScannedForEncodings = 0;
			knownRegions = (
				en,
				Base,
			);
			mainGroup = D1B7C726231E76D6003A3BDA;
			productRefGroup = D1B7C730231E76D6003A3BDA /* Products */;
			projectDirPath = "";
			projectRoot = "";
			targets = (
				D1B7C72E231E76D6003A3BDA /* domainPathDemo */,
				D1B7C746231E76D6003A3BDA /* domainPathDemoTests */,
				D1B7C751231E76D6003A3BDA /* domainPathDemoUITests */,
			);
		};
/* End PBXProject section */

/* Begin PBXResourcesBuildPhase section */
		D1B7C72D231E76D6003A3BDA /* Resources */ = {
			isa = PBXResourcesBuildPhase;
			buildActionMask = 2147483647;
			files = (
				D1B7C73F231E76D6003A3BDA /* LaunchScreen.storyboard in Resources */,
				D1B7C73C231E76D6003A3BDA /* Assets.xcassets in Resources */,
				D1B7C73A231E76D6003A3BDA /* Main.storyboard in Resources */,
			);
			runOnlyForDeploymentPostprocessing = 0;
		};
		D1B7C745231E76D6003A3BDA /* Resources */ = {
			isa = PBXResourcesBuildPhase;
			buildActionMask = 2147483647;
			files = (
			);
			runOnlyForDeploymentPostprocessing = 0;
		};
		D1B7C750231E76D6003A3BDA /* Resources */ = {
			isa = PBXResourcesBuildPhase;
			buildActionMask = 2147483647;
			files = (
			);
			runOnlyForDeploymentPostprocessing = 0;
		};
/* End PBXResourcesBuildPhase section */

/* Begin PBXSourcesBuildPhase section */
		D1B7C72B231E76D6003A3BDA /* Sources */ = {
			isa = PBXSourcesBuildPhase;
			buildActionMask = 2147483647;
			files = (
				D1B7C76A231E771E003A3BDA /* YBImagePath.m in Sources */,
				D1B7C737231E76D6003A3BDA /* ViewController.m in Sources */,
				D1B7C742231E76D6003A3BDA /* main.m in Sources */,
				D1B7C767231E76FF003A3BDA /* EDZImagePathTool.m in Sources */,
				D1B7C734231E76D6003A3BDA /* AppDelegate.m in Sources */,
				D1B7C76E231E820D003A3BDA /* YBDomainPathTool.m in Sources */,
			);
			runOnlyForDeploymentPostprocessing = 0;
		};
		D1B7C743231E76D6003A3BDA /* Sources */ = {
			isa = PBXSourcesBuildPhase;
			buildActionMask = 2147483647;
			files = (
				D1B7C74C231E76D6003A3BDA /* domainPathDemoTests.m in Sources */,
			);
			runOnlyForDeploymentPostprocessing = 0;
		};
		D1B7C74E231E76D6003A3BDA /* Sources */ = {
			isa = PBXSourcesBuildPhase;
			buildActionMask = 2147483647;
			files = (
				D1B7C757231E76D6003A3BDA /* domainPathDemoUITests.m in Sources */,
			);
			runOnlyForDeploymentPostprocessing = 0;
		};
/* End PBXSourcesBuildPhase section */

/* Begin PBXTargetDependency section */
		D1B7C749231E76D6003A3BDA /* PBXTargetDependency */ = {
			isa = PBXTargetDependency;
			target = D1B7C72E231E76D6003A3BDA /* domainPathDemo */;
			targetProxy = D1B7C748231E76D6003A3BDA /* PBXContainerItemProxy */;
		};
		D1B7C754231E76D6003A3BDA /* PBXTargetDependency */ = {
			isa = PBXTargetDependency;
			target = D1B7C72E231E76D6003A3BDA /* domainPathDemo */;
			targetProxy = D1B7C753231E76D6003A3BDA /* PBXContainerItemProxy */;
		};
/* End PBXTargetDependency section */

/* Begin PBXVariantGroup section */
		D1B7C738231E76D6003A3BDA /* Main.storyboard */ = {
			isa = PBXVariantGroup;
			children = (
				D1B7C739231E76D6003A3BDA /* Base */,
			);
			name = Main.storyboard;
			sourceTree = "<group>";
		};
		D1B7C73D231E76D6003A3BDA /* LaunchScreen.storyboard */ = {
			isa = PBXVariantGroup;
			children = (
				D1B7C73E231E76D6003A3BDA /* Base */,
			);
			name = LaunchScreen.storyboard;
			sourceTree = "<group>";
		};
/* End PBXVariantGroup section */

/* Begin XCBuildConfiguration section */
		D1B7C759231E76D6003A3BDA /* Debug */ = {
			isa = XCBuildConfiguration;
			buildSettings = {
				ALWAYS_SEARCH_USER_PATHS = NO;
				CLANG_ANALYZER_NONNULL = YES;
				CLANG_ANALYZER_NUMBER_OBJECT_CONVERSION = YES_AGGRESSIVE;
				CLANG_CXX_LANGUAGE_STANDARD = "gnu++14";
				CLANG_CXX_LIBRARY = "libc++";
				CLANG_ENABLE_MODULES = YES;
				CLANG_ENABLE_OBJC_ARC = YES;
				CLANG_ENABLE_OBJC_WEAK = YES;
				CLANG_WARN_BLOCK_CAPTURE_AUTORELEASING = YES;
				CLANG_WARN_BOOL_CONVERSION = YES;
				CLANG_WARN_COMMA = YES;
				CLANG_WARN_CONSTANT_CONVERSION = YES;
				CLANG_WARN_DEPRECATED_OBJC_IMPLEMENTATIONS = YES;
				CLANG_WARN_DIRECT_OBJC_ISA_USAGE = YES_ERROR;
				CLANG_WARN_DOCUMENTATION_COMMENTS = YES;
				CLANG_WARN_EMPTY_BODY = YES;
				CLANG_WARN_ENUM_CONVERSION = YES;
				CLANG_WARN_INFINITE_RECURSION = YES;
				CLANG_WARN_INT_CONVERSION = YES;
				CLANG_WARN_NON_LITERAL_NULL_CONVERSION = YES;
				CLANG_WARN_OBJC_IMPLICIT_RETAIN_SELF = YES;
				CLANG_WARN_OBJC_LITERAL_CONVERSION = YES;
				CLANG_WARN_OBJC_ROOT_CLASS = YES_ERROR;
				CLANG_WARN_RANGE_LOOP_ANALYSIS = YES;
				CLANG_WARN_STRICT_PROTOTYPES = YES;
				CLANG_WARN_SUSPICIOUS_MOVE = YES;
				CLANG_WARN_UNGUARDED_AVAILABILITY = YES_AGGRESSIVE;
				CLANG_WARN_UNREACHABLE_CODE = YES;
				CLANG_WARN__DUPLICATE_METHOD_MATCH = YES;
				CODE_SIGN_IDENTITY = "iPhone Developer";
				COPY_PHASE_STRIP = NO;
				DEBUG_INFORMATION_FORMAT = dwarf;
				ENABLE_STRICT_OBJC_MSGSEND = YES;
				ENABLE_TESTABILITY = YES;
				GCC_C_LANGUAGE_STANDARD = gnu11;
				GCC_DYNAMIC_NO_PIC = NO;
				GCC_NO_COMMON_BLOCKS = YES;
				GCC_OPTIMIZATION_LEVEL = 0;
				GCC_PREPROCESSOR_DEFINITIONS = (
					"DEBUG=1",
					"$(inherited)",
				);
				GCC_WARN_64_TO_32_BIT_CONVERSION = YES;
				GCC_WARN_ABOUT_RETURN_TYPE = YES_ERROR;
				GCC_WARN_UNDECLARED_SELECTOR = YES;
				GCC_WARN_UNINITIALIZED_AUTOS = YES_AGGRESSIVE;
				GCC_WARN_UNUSED_FUNCTION = YES;
				GCC_WARN_UNUSED_VARIABLE = YES;
				IPHONEOS_DEPLOYMENT_TARGET = 12.1;
				MTL_ENABLE_DEBUG_INFO = INCLUDE_SOURCE;
				MTL_FAST_MATH = YES;
				ONLY_ACTIVE_ARCH = YES;
				SDKROOT = iphoneos;
			};
			name = Debug;
		};
		D1B7C75A231E76D6003A3BDA /* Release */ = {
			isa = XCBuildConfiguration;
			buildSettings = {
				ALWAYS_SEARCH_USER_PATHS = NO;
				CLANG_ANALYZER_NONNULL = YES;
				CLANG_ANALYZER_NUMBER_OBJECT_CONVERSION = YES_AGGRESSIVE;
				CLANG_CXX_LANGUAGE_STANDARD = "gnu++14";
				CLANG_CXX_LIBRARY = "libc++";
				CLANG_ENABLE_MODULES = YES;
				CLANG_ENABLE_OBJC_ARC = YES;
				CLANG_ENABLE_OBJC_WEAK = YES;
				CLANG_WARN_BLOCK_CAPTURE_AUTORELEASING = YES;
				CLANG_WARN_BOOL_CONVERSION = YES;
				CLANG_WARN_COMMA = YES;
				CLANG_WARN_CONSTANT_CONVERSION = YES;
				CLANG_WARN_DEPRECATED_OBJC_IMPLEMENTATIONS = YES;
				CLANG_WARN_DIRECT_OBJC_ISA_USAGE = YES_ERROR;
				CLANG_WARN_DOCUMENTATION_COMMENTS = YES;
				CLANG_WARN_EMPTY_BODY = YES;
				CLANG_WARN_ENUM_CONVERSION = YES;
				CLANG_WARN_INFINITE_RECURSION = YES;
				CLANG_WARN_INT_CONVERSION = YES;
				CLANG_WARN_NON_LITERAL_NULL_CONVERSION = YES;
				CLANG_WARN_OBJC_IMPLICIT_RETAIN_SELF = YES;
				CLANG_WARN_OBJC_LITERAL_CONVERSION = YES;
				CLANG_WARN_OBJC_ROOT_CLASS = YES_ERROR;
				CLANG_WARN_RANGE_LOOP_ANALYSIS = YES;
				CLANG_WARN_STRICT_PROTOTYPES = YES;
				CLANG_WARN_SUSPICIOUS_MOVE = YES;
				CLANG_WARN_UNGUARDED_AVAILABILITY = YES_AGGRESSIVE;
				CLANG_WARN_UNREACHABLE_CODE = YES;
				CLANG_WARN__DUPLICATE_METHOD_MATCH = YES;
				CODE_SIGN_IDENTITY = "iPhone Developer";
				COPY_PHASE_STRIP = NO;
				DEBUG_INFORMATION_FORMAT = "dwarf-with-dsym";
				ENABLE_NS_ASSERTIONS = NO;
				ENABLE_STRICT_OBJC_MSGSEND = YES;
				GCC_C_LANGUAGE_STANDARD = gnu11;
				GCC_NO_COMMON_BLOCKS = YES;
				GCC_WARN_64_TO_32_BIT_CONVERSION = YES;
				GCC_WARN_ABOUT_RETURN_TYPE = YES_ERROR;
				GCC_WARN_UNDECLARED_SELECTOR = YES;
				GCC_WARN_UNINITIALIZED_AUTOS = YES_AGGRESSIVE;
				GCC_WARN_UNUSED_FUNCTION = YES;
				GCC_WARN_UNUSED_VARIABLE = YES;
				IPHONEOS_DEPLOYMENT_TARGET = 12.1;
				MTL_ENABLE_DEBUG_INFO = NO;
				MTL_FAST_MATH = YES;
				SDKROOT = iphoneos;
				VALIDATE_PRODUCT = YES;
			};
			name = Release;
		};
		D1B7C75C231E76D6003A3BDA /* Debug */ = {
			isa = XCBuildConfiguration;
			buildSettings = {
				ASSETCATALOG_COMPILER_APPICON_NAME = AppIcon;
				CODE_SIGN_STYLE = Automatic;
				DEVELOPMENT_TEAM = 2T9CHG78WE;
				INFOPLIST_FILE = domainPathDemo/Info.plist;
				LD_RUNPATH_SEARCH_PATHS = (
					"$(inherited)",
					"@executable_path/Frameworks",
				);
				PRODUCT_BUNDLE_IDENTIFIER = top.wangyingbo.www.domainPathDemo;
				PRODUCT_NAME = "$(TARGET_NAME)";
				TARGETED_DEVICE_FAMILY = "1,2";
			};
			name = Debug;
		};
		D1B7C75D231E76D6003A3BDA /* Release */ = {
			isa = XCBuildConfiguration;
			buildSettings = {
				ASSETCATALOG_COMPILER_APPICON_NAME = AppIcon;
				CODE_SIGN_STYLE = Automatic;
				DEVELOPMENT_TEAM = 2T9CHG78WE;
				INFOPLIST_FILE = domainPathDemo/Info.plist;
				LD_RUNPATH_SEARCH_PATHS = (
					"$(inherited)",
					"@executable_path/Frameworks",
				);
				PRODUCT_BUNDLE_IDENTIFIER = top.wangyingbo.www.domainPathDemo;
				PRODUCT_NAME = "$(TARGET_NAME)";
				TARGETED_DEVICE_FAMILY = "1,2";
			};
			name = Release;
		};
		D1B7C75F231E76D6003A3BDA /* Debug */ = {
			isa = XCBuildConfiguration;
			buildSettings = {
				BUNDLE_LOADER = "$(TEST_HOST)";
				CODE_SIGN_STYLE = Automatic;
				DEVELOPMENT_TEAM = 2T9CHG78WE;
				INFOPLIST_FILE = domainPathDemoTests/Info.plist;
				LD_RUNPATH_SEARCH_PATHS = (
					"$(inherited)",
					"@executable_path/Frameworks",
					"@loader_path/Frameworks",
				);
				PRODUCT_BUNDLE_IDENTIFIER = top.wangyingbo.www.domainPathDemoTests;
				PRODUCT_NAME = "$(TARGET_NAME)";
				TARGETED_DEVICE_FAMILY = "1,2";
				TEST_HOST = "$(BUILT_PRODUCTS_DIR)/domainPathDemo.app/domainPathDemo";
			};
			name = Debug;
		};
		D1B7C760231E76D6003A3BDA /* Release */ = {
			isa = XCBuildConfiguration;
			buildSettings = {
				BUNDLE_LOADER = "$(TEST_HOST)";
				CODE_SIGN_STYLE = Automatic;
				DEVELOPMENT_TEAM = 2T9CHG78WE;
				INFOPLIST_FILE = domainPathDemoTests/Info.plist;
				LD_RUNPATH_SEARCH_PATHS = (
					"$(inherited)",
					"@executable_path/Frameworks",
					"@loader_path/Frameworks",
				);
				PRODUCT_BUNDLE_IDENTIFIER = top.wangyingbo.www.domainPathDemoTests;
				PRODUCT_NAME = "$(TARGET_NAME)";
				TARGETED_DEVICE_FAMILY = "1,2";
				TEST_HOST = "$(BUILT_PRODUCTS_DIR)/domainPathDemo.app/domainPathDemo";
			};
			name = Release;
		};
		D1B7C762231E76D6003A3BDA /* Debug */ = {
			isa = XCBuildConfiguration;
			buildSettings = {
				CODE_SIGN_STYLE = Automatic;
				DEVELOPMENT_TEAM = 2T9CHG78WE;
				INFOPLIST_FILE = domainPathDemoUITests/Info.plist;
				LD_RUNPATH_SEARCH_PATHS = (
					"$(inherited)",
					"@executable_path/Frameworks",
					"@loader_path/Frameworks",
				);
				PRODUCT_BUNDLE_IDENTIFIER = top.wangyingbo.www.domainPathDemoUITests;
				PRODUCT_NAME = "$(TARGET_NAME)";
				TARGETED_DEVICE_FAMILY = "1,2";
				TEST_TARGET_NAME = domainPathDemo;
			};
			name = Debug;
		};
		D1B7C763231E76D6003A3BDA /* Release */ = {
			isa = XCBuildConfiguration;
			buildSettings = {
				CODE_SIGN_STYLE = Automatic;
				DEVELOPMENT_TEAM = 2T9CHG78WE;
				INFOPLIST_FILE = domainPathDemoUITests/Info.plist;
				LD_RUNPATH_SEARCH_PATHS = (
					"$(inherited)",
					"@executable_path/Frameworks",
					"@loader_path/Frameworks",
				);
				PRODUCT_BUNDLE_IDENTIFIER = top.wangyingbo.www.domainPathDemoUITests;
				PRODUCT_NAME = "$(TARGET_NAME)";
				TARGETED_DEVICE_FAMILY = "1,2";
				TEST_TARGET_NAME = domainPathDemo;
			};
			name = Release;
		};
/* End XCBuildConfiguration section */

/* Begin XCConfigurationList section */
		D1B7C72A231E76D6003A3BDA /* Build configuration list for PBXProject "domainPathDemo" */ = {
			isa = XCConfigurationList;
			buildConfigurations = (
				D1B7C759231E76D6003A3BDA /* Debug */,
				D1B7C75A231E76D6003A3BDA /* Release */,
			);
			defaultConfigurationIsVisible = 0;
			defaultConfigurationName = Release;
		};
		D1B7C75B231E76D6003A3BDA /* Build configuration list for PBXNativeTarget "domainPathDemo" */ = {
			isa = XCConfigurationList;
			buildConfigurations = (
				D1B7C75C231E76D6003A3BDA /* Debug */,
				D1B7C75D231E76D6003A3BDA /* Release */,
			);
			defaultConfigurationIsVisible = 0;
			defaultConfigurationName = Release;
		};
		D1B7C75E231E76D6003A3BDA /* Build configuration list for PBXNativeTarget "domainPathDemoTests" */ = {
			isa = XCConfigurationList;
			buildConfigurations = (
				D1B7C75F231E76D6003A3BDA /* Debug */,
				D1B7C760231E76D6003A3BDA /* Release */,
			);
			defaultConfigurationIsVisible = 0;
			defaultConfigurationName = Release;
		};
		D1B7C761231E76D6003A3BDA /* Build configuration list for PBXNativeTarget "domainPathDemoUITests" */ = {
			isa = XCConfigurationList;
			buildConfigurations = (
				D1B7C762231E76D6003A3BDA /* Debug */,
				D1B7C763231E76D6003A3BDA /* Release */,
			);
			defaultConfigurationIsVisible = 0;
			defaultConfigurationName = Release;
		};
/* End XCConfigurationList section */
	};
	rootObject = D1B7C727231E76D6003A3BDA /* Project object */;
}
